// !$*UTF8*$!
{
	archiveVersion = 1;
	classes = {
	};
	objectVersion = 46;
	objects = {

/* Begin PBXBuildFile section */
		DB5C49641E68FC6E00A8C42B /* Default.png in Resources */ = {isa = PBXBuildFile; fileRef = DB5C49621E68FC6E00A8C42B /* Default.png */; };
		DB5C49651E68FC6E00A8C42B /* index.html in Resources */ = {isa = PBXBuildFile; fileRef = DB5C49631E68FC6E00A8C42B /* index.html */; };
		DB5C49681E691B1F00A8C42B /* RITLExportObject.m in Sources */ = {isa = PBXBuildFile; fileRef = DB5C49671E691B1F00A8C42B /* RITLExportObject.m */; };
		DB5C496D1E69612300A8C42B /* RITLSciptMessageHandler.swift in Sources */ = {isa = PBXBuildFile; fileRef = DB5C496C1E69612300A8C42B /* RITLSciptMessageHandler.swift */; };
		DBD9BC6E1E67A2B6000902B9 /* RITLJSAppDelegate.swift in Sources */ = {isa = PBXBuildFile; fileRef = DBD9BC6D1E67A2B6000902B9 /* RITLJSAppDelegate.swift */; };
		DBD9BC701E67A2B6000902B9 /* RITLJSWebViewController.swift in Sources */ = {isa = PBXBuildFile; fileRef = DBD9BC6F1E67A2B6000902B9 /* RITLJSWebViewController.swift */; };
		DBD9BC731E67A2B6000902B9 /* Main.storyboard in Resources */ = {isa = PBXBuildFile; fileRef = DBD9BC711E67A2B6000902B9 /* Main.storyboard */; };
		DBD9BC751E67A2B6000902B9 /* Assets.xcassets in Resources */ = {isa = PBXBuildFile; fileRef = DBD9BC741E67A2B6000902B9 /* Assets.xcassets */; };
		DBD9BC781E67A2B6000902B9 /* LaunchScreen.storyboard in Resources */ = {isa = PBXBuildFile; fileRef = DBD9BC761E67A2B6000902B9 /* LaunchScreen.storyboard */; };
		DBD9BC811E67A2C8000902B9 /* JavaScriptCore.framework in Frameworks */ = {isa = PBXBuildFile; fileRef = DBD9BC801E67A2C8000902B9 /* JavaScriptCore.framework */; };
		DBD9BC871E67F8D6000902B9 /* RITLJSCoreObject.m in Sources */ = {isa = PBXBuildFile; fileRef = DBD9BC861E67F8D6000902B9 /* RITLJSCoreObject.m */; };
/* End PBXBuildFile section */

/* Begin PBXFileReference section */
		DB5C49621E68FC6E00A8C42B /* Default.png */ = {isa = PBXFileReference; lastKnownFileType = image.png; path = Default.png; sourceTree = "<group>"; };
		DB5C49631E68FC6E00A8C42B /* index.html */ = {isa = PBXFileReference; fileEncoding = 4; lastKnownFileType = text.html; path = index.html; sourceTree = "<group>"; };
		DB5C49661E691B1F00A8C42B /* RITLExportObject.h */ = {isa = PBXFileReference; fileEncoding = 4; lastKnownFileType = sourcecode.c.h; path = RITLExportObject.h; sourceTree = "<group>"; };
		DB5C49671E691B1F00A8C42B /* RITLExportObject.m */ = {isa = PBXFileReference; fileEncoding = 4; lastKnownFileType = sourcecode.c.objc; path = RITLExportObject.m; sourceTree = "<group>"; };
		DB5C496C1E69612300A8C42B /* RITLSciptMessageHandler.swift */ = {isa = PBXFileReference; fileEncoding = 4; lastKnownFileType = sourcecode.swift; path = RITLSciptMessageHandler.swift; sourceTree = "<group>"; };
		DBD9BC6A1E67A2B6000902B9 /* RITLJSCoreDemo.app */ = {isa = PBXFileReference; explicitFileType = wrapper.application; includeInIndex = 0; path = RITLJSCoreDemo.app; sourceTree = BUILT_PRODUCTS_DIR; };
		DBD9BC6D1E67A2B6000902B9 /* RITLJSAppDelegate.swift */ = {isa = PBXFileReference; lastKnownFileType = sourcecode.swift; path = RITLJSAppDelegate.swift; sourceTree = "<group>"; };
		DBD9BC6F1E67A2B6000902B9 /* RITLJSWebViewController.swift */ = {isa = PBXFileReference; lastKnownFileType = sourcecode.swift; path = RITLJSWebViewController.swift; sourceTree = "<group>"; };
		DBD9BC721E67A2B6000902B9 /* Base */ = {isa = PBXFileReference; lastKnownFileType = file.storyboard; name = Base; path = Base.lproj/Main.storyboard; sourceTree = "<group>"; };
		DBD9BC741E67A2B6000902B9 /* Assets.xcassets */ = {isa = PBXFileReference; lastKnownFileType = folder.assetcatalog; path = Assets.xcassets; sourceTree = "<group>"; };
		DBD9BC771E67A2B6000902B9 /* Base */ = {isa = PBXFileReference; lastKnownFileType = file.storyboard; name = Base; path = Base.lproj/LaunchScreen.storyboard; sourceTree = "<group>"; };
		DBD9BC791E67A2B6000902B9 /* Info.plist */ = {isa = PBXFileReference; lastKnownFileType = text.plist.xml; path = Info.plist; sourceTree = "<group>"; };
		DBD9BC801E67A2C8000902B9 /* JavaScriptCore.framework */ = {isa = PBXFileReference; lastKnownFileType = wrapper.framework; name = JavaScriptCore.framework; path = System/Library/Frameworks/JavaScriptCore.framework; sourceTree = SDKROOT; };
		DBD9BC841E67F8D5000902B9 /* RITLJSCoreDemo-Bridging-Header.h */ = {isa = PBXFileReference; lastKnownFileType = sourcecode.c.h; path = "RITLJSCoreDemo-Bridging-Header.h"; sourceTree = "<group>"; };
		DBD9BC851E67F8D6000902B9 /* RITLJSCoreObject.h */ = {isa = PBXFileReference; fileEncoding = 4; lastKnownFileType = sourcecode.c.h; path = RITLJSCoreObject.h; sourceTree = "<group>"; };
		DBD9BC861E67F8D6000902B9 /* RITLJSCoreObject.m */ = {isa = PBXFileReference; fileEncoding = 4; lastKnownFileType = sourcecode.c.objc; path = RITLJSCoreObject.m; sourceTree = "<group>"; };
/* End PBXFileReference section */

/* Begin PBXFrameworksBuildPhase section */
		DBD9BC671E67A2B6000902B9 /* Frameworks */ = {
			isa = PBXFrameworksBuildPhase;
			buildActionMask = 2147483647;
			files = (
				DBD9BC811E67A2C8000902B9 /* JavaScriptCore.framework in Frameworks */,
			);
			runOnlyForDeploymentPostprocessing = 0;
		};
/* End PBXFrameworksBuildPhase section */

/* Begin PBXGroup section */
		DB5C49611E68FC6E00A8C42B /* Web */ = {
			isa = PBXGroup;
			children = (
				DB5C49621E68FC6E00A8C42B /* Default.png */,
				DB5C49631E68FC6E00A8C42B /* index.html */,
			);
			path = Web;
			sourceTree = "<group>";
		};
		DBD9BC611E67A2B6000902B9 = {
			isa = PBXGroup;
			children = (
				DBD9BC6C1E67A2B6000902B9 /* RITLJSCoreDemo */,
				DBD9BC6B1E67A2B6000902B9 /* Products */,
				DBD9BC7F1E67A2C7000902B9 /* Frameworks */,
			);
			sourceTree = "<group>";
		};
		DBD9BC6B1E67A2B6000902B9 /* Products */ = {
			isa = PBXGroup;
			children = (
				DBD9BC6A1E67A2B6000902B9 /* RITLJSCoreDemo.app */,
			);
			name = Products;
			sourceTree = "<group>";
		};
		DBD9BC6C1E67A2B6000902B9 /* RITLJSCoreDemo */ = {
			isa = PBXGroup;
			children = (
				DB5C49611E68FC6E00A8C42B /* Web */,
				DBD9BC6D1E67A2B6000902B9 /* RITLJSAppDelegate.swift */,
				DBD9BC6F1E67A2B6000902B9 /* RITLJSWebViewController.swift */,
				DB5C496C1E69612300A8C42B /* RITLSciptMessageHandler.swift */,
				DBD9BC711E67A2B6000902B9 /* Main.storyboard */,
				DBD9BC741E67A2B6000902B9 /* Assets.xcassets */,
				DBD9BC761E67A2B6000902B9 /* LaunchScreen.storyboard */,
				DBD9BC791E67A2B6000902B9 /* Info.plist */,
				DBD9BC851E67F8D6000902B9 /* RITLJSCoreObject.h */,
				DBD9BC861E67F8D6000902B9 /* RITLJSCoreObject.m */,
				DBD9BC841E67F8D5000902B9 /* RITLJSCoreDemo-Bridging-Header.h */,
				DB5C49661E691B1F00A8C42B /* RITLExportObject.h */,
				DB5C49671E691B1F00A8C42B /* RITLExportObject.m */,
			);
			path = RITLJSCoreDemo;
			sourceTree = "<group>";
		};
		DBD9BC7F1E67A2C7000902B9 /* Frameworks */ = {
			isa = PBXGroup;
			children = (
				DBD9BC801E67A2C8000902B9 /* JavaScriptCore.framework */,
			);
			name = Frameworks;
			sourceTree = "<group>";
		};
/* End PBXGroup section */

/* Begin PBXNativeTarget section */
		DBD9BC691E67A2B6000902B9 /* RITLJSCoreDemo */ = {
			isa = PBXNativeTarget;
			buildConfigurationList = DBD9BC7C1E67A2B6000902B9 /* Build configuration list for PBXNativeTarget "RITLJSCoreDemo" */;
			buildPhases = (
				DBD9BC661E67A2B6000902B9 /* Sources */,
				DBD9BC671E67A2B6000902B9 /* Frameworks */,
				DBD9BC681E67A2B6000902B9 /* Resources */,
			);
			buildRules = (
			);
			dependencies = (
			);
			name = RITLJSCoreDemo;
			productName = RITLJSCoreDemo;
			productReference = DBD9BC6A1E67A2B6000902B9 /* RITLJSCoreDemo.app */;
			productType = "com.apple.product-type.application";
		};
/* End PBXNativeTarget section */

/* Begin PBXProject section */
		DBD9BC621E67A2B6000902B9 /* Project object */ = {
			isa = PBXProject;
			attributes = {
				LastSwiftUpdateCheck = 0820;
				LastUpgradeCheck = 0820;
				ORGANIZATIONNAME = YueWen;
				TargetAttributes = {
					DBD9BC691E67A2B6000902B9 = {
						CreatedOnToolsVersion = 8.2.1;
						DevelopmentTeam = 8S4NWFZC5J;
						LastSwiftMigration = 0820;
						ProvisioningStyle = Automatic;
					};
				};
			};
			buildConfigurationList = DBD9BC651E67A2B6000902B9 /* Build configuration list for PBXProject "RITLJSCoreDemo" */;
			compatibilityVersion = "Xcode 3.2";
			developmentRegion = English;
			hasScannedForEncodings = 0;
			knownRegions = (
				en,
				Base,
			);
			mainGroup = DBD9BC611E67A2B6000902B9;
			productRefGroup = DBD9BC6B1E67A2B6000902B9 /* Products */;
			projectDirPath = "";
			projectRoot = "";
			targets = (
				DBD9BC691E67A2B6000902B9 /* RITLJSCoreDemo */,
			);
		};
/* End PBXProject section */

/* Begin PBXResourcesBuildPhase section */
		DBD9BC681E67A2B6000902B9 /* Resources */ = {
			isa = PBXResourcesBuildPhase;
			buildActionMask = 2147483647;
			files = (
				DB5C49651E68FC6E00A8C42B /* index.html in Resources */,
				DBD9BC781E67A2B6000902B9 /* LaunchScreen.storyboard in Resources */,
				DBD9BC751E67A2B6000902B9 /* Assets.xcassets in Resources */,
				DBD9BC731E67A2B6000902B9 /* Main.storyboard in Resources */,
				DB5C49641E68FC6E00A8C42B /* Default.png in Resources */,
			);
			runOnlyForDeploymentPostprocessing = 0;
		};
/* End PBXResourcesBuildPhase section */

/* Begin PBXSourcesBuildPhase section */
		DBD9BC661E67A2B6000902B9 /* Sources */ = {
			isa = PBXSourcesBuildPhase;
			buildActionMask = 2147483647;
			files = (
				DBD9BC871E67F8D6000902B9 /* RITLJSCoreObject.m in Sources */,
				DB5C496D1E69612300A8C42B /* RITLSciptMessageHandler.swift in Sources */,
				DB5C49681E691B1F00A8C42B /* RITLExportObject.m in Sources */,
				DBD9BC701E67A2B6000902B9 /* RITLJSWebViewController.swift in Sources */,
				DBD9BC6E1E67A2B6000902B9 /* RITLJSAppDelegate.swift in Sources */,
			);
			runOnlyForDeploymentPostprocessing = 0;
		};
/* End PBXSourcesBuildPhase section */

/* Begin PBXVariantGroup section */
		DBD9BC711E67A2B6000902B9 /* Main.storyboard */ = {
			isa = PBXVariantGroup;
			children = (
				DBD9BC721E67A2B6000902B9 /* Base */,
			);
			name = Main.storyboard;
			sourceTree = "<group>";
		};
		DBD9BC761E67A2B6000902B9 /* LaunchScreen.storyboard */ = {
			isa = PBXVariantGroup;
			children = (
				DBD9BC771E67A2B6000902B9 /* Base */,
			);
			name = LaunchScreen.storyboard;
			sourceTree = "<group>";
		};
/* End PBXVariantGroup section */

/* Begin XCBuildConfiguration section */
		DBD9BC7A1E67A2B6000902B9 /* Debug */ = {
			isa = XCBuildConfiguration;
			buildSettings = {
				ALWAYS_SEARCH_USER_PATHS = NO;
				CLANG_ANALYZER_NONNULL = YES;
				CLANG_CXX_LANGUAGE_STANDARD = "gnu++0x";
				CLANG_CXX_LIBRARY = "libc++";
				CLANG_ENABLE_MODULES = YES;
				CLANG_ENABLE_OBJC_ARC = YES;
				CLANG_WARN_BOOL_CONVERSION = YES;
				CLANG_WARN_CONSTANT_CONVERSION = YES;
				CLANG_WARN_DIRECT_OBJC_ISA_USAGE = YES_ERROR;
				CLANG_WARN_DOCUMENTATION_COMMENTS = YES;
				CLANG_WARN_EMPTY_BODY = YES;
				CLANG_WARN_ENUM_CONVERSION = YES;
				CLANG_WARN_INFINITE_RECURSION = YES;
				CLANG_WARN_INT_CONVERSION = YES;
				CLANG_WARN_OBJC_ROOT_CLASS = YES_ERROR;
				CLANG_WARN_SUSPICIOUS_MOVE = YES;
				CLANG_WARN_UNREACHABLE_CODE = YES;
				CLANG_WARN__DUPLICATE_METHOD_MATCH = YES;
				"CODE_SIGN_IDENTITY[sdk=iphoneos*]" = "iPhone Developer";
				COPY_PHASE_STRIP = NO;
				DEBUG_INFORMATION_FORMAT = dwarf;
				ENABLE_STRICT_OBJC_MSGSEND = YES;
				ENABLE_TESTABILITY = YES;
				GCC_C_LANGUAGE_STANDARD = gnu99;
				GCC_DYNAMIC_NO_PIC = NO;
				GCC_NO_COMMON_BLOCKS = YES;
				GCC_OPTIMIZATION_LEVEL = 0;
				GCC_PREPROCESSOR_DEFINITIONS = (
					"DEBUG=1",
					"$(inherited)",
				);
				GCC_WARN_64_TO_32_BIT_CONVERSION = YES;
				GCC_WARN_ABOUT_RETURN_TYPE = YES_ERROR;
				GCC_WARN_UNDECLARED_SELECTOR = YES;
				GCC_WARN_UNINITIALIZED_AUTOS = YES_AGGRESSIVE;
				GCC_WARN_UNUSED_FUNCTION = YES;
				GCC_WARN_UNUSED_VARIABLE = YES;
				IPHONEOS_DEPLOYMENT_TARGET = 10.2;
				MTL_ENABLE_DEBUG_INFO = YES;
				ONLY_ACTIVE_ARCH = YES;
				SDKROOT = iphoneos;
				SWIFT_ACTIVE_COMPILATION_CONDITIONS = DEBUG;
				SWIFT_OPTIMIZATION_LEVEL = "-Onone";
			};
			name = Debug;
		};
		DBD9BC7B1E67A2B6000902B9 /* Release */ = {
			isa = XCBuildConfiguration;
			buildSettings = {
				ALWAYS_SEARCH_USER_PATHS = NO;
				CLANG_ANALYZER_NONNULL = YES;
				CLANG_CXX_LANGUAGE_STANDARD = "gnu++0x";
				CLANG_CXX_LIBRARY = "libc++";
				CLANG_ENABLE_MODULES = YES;
				CLANG_ENABLE_OBJC_ARC = YES;
				CLANG_WARN_BOOL_CONVERSION = YES;
				CLANG_WARN_CONSTANT_CONVERSION = YES;
				CLANG_WARN_DIRECT_OBJC_ISA_USAGE = YES_ERROR;
				CLANG_WARN_DOCUMENTATION_COMMENTS = YES;
				CLANG_WARN_EMPTY_BODY = YES;
				CLANG_WARN_ENUM_CONVERSION = YES;
				CLANG_WARN_INFINITE_RECURSION = YES;
				CLANG_WARN_INT_CONVERSION = YES;
				CLANG_WARN_OBJC_ROOT_CLASS = YES_ERROR;
				CLANG_WARN_SUSPICIOUS_MOVE = YES;
				CLANG_WARN_UNREACHABLE_CODE = YES;
				CLANG_WARN__DUPLICATE_METHOD_MATCH = YES;
				"CODE_SIGN_IDENTITY[sdk=iphoneos*]" = "iPhone Developer";
				COPY_PHASE_STRIP = NO;
				DEBUG_INFORMATION_FORMAT = "dwarf-with-dsym";
				ENABLE_NS_ASSERTIONS = NO;
				ENABLE_STRICT_OBJC_MSGSEND = YES;
				GCC_C_LANGUAGE_STANDARD = gnu99;
				GCC_NO_COMMON_BLOCKS = YES;
				GCC_WARN_64_TO_32_BIT_CONVERSION = YES;
				GCC_WARN_ABOUT_RETURN_TYPE = YES_ERROR;
				GCC_WARN_UNDECLARED_SELECTOR = YES;
				GCC_WARN_UNINITIALIZED_AUTOS = YES_AGGRESSIVE;
				GCC_WARN_UNUSED_FUNCTION = YES;
				GCC_WARN_UNUSED_VARIABLE = YES;
				IPHONEOS_DEPLOYMENT_TARGET = 10.2;
				MTL_ENABLE_DEBUG_INFO = NO;
				SDKROOT = iphoneos;
				SWIFT_OPTIMIZATION_LEVEL = "-Owholemodule";
				VALIDATE_PRODUCT = YES;
			};
			name = Release;
		};
		DBD9BC7D1E67A2B6000902B9 /* Debug */ = {
			isa = XCBuildConfiguration;
			buildSettings = {
				ASSETCATALOG_COMPILER_APPICON_NAME = AppIcon;
				CLANG_ENABLE_MODULES = YES;
				DEVELOPMENT_TEAM = 8S4NWFZC5J;
				INFOPLIST_FILE = RITLJSCoreDemo/Info.plist;
				LD_RUNPATH_SEARCH_PATHS = "$(inherited) @executable_path/Frameworks";
				PRODUCT_BUNDLE_IDENTIFIER = com.yue.RITLJSCoreDemo;
				PRODUCT_NAME = "$(TARGET_NAME)";
				SWIFT_OBJC_BRIDGING_HEADER = "RITLJSCoreDemo/RITLJSCoreDemo-Bridging-Header.h";
				SWIFT_OPTIMIZATION_LEVEL = "-Onone";
				SWIFT_VERSION = 3.0;
			};
			name = Debug;
		};
		DBD9BC7E1E67A2B6000902B9 /* Release */ = {
			isa = XCBuildConfiguration;
			buildSettings = {
				ASSETCATALOG_COMPILER_APPICON_NAME = AppIcon;
				CLANG_ENABLE_MODULES = YES;
				DEVELOPMENT_TEAM = 8S4NWFZC5J;
				INFOPLIST_FILE = RITLJSCoreDemo/Info.plist;
				LD_RUNPATH_SEARCH_PATHS = "$(inherited) @executable_path/Frameworks";
				PRODUCT_BUNDLE_IDENTIFIER = com.yue.RITLJSCoreDemo;
				PRODUCT_NAME = "$(TARGET_NAME)";
				SWIFT_OBJC_BRIDGING_HEADER = "RITLJSCoreDemo/RITLJSCoreDemo-Bridging-Header.h";
				SWIFT_VERSION = 3.0;
			};
			name = Release;
		};
/* End XCBuildConfiguration section */

/* Begin XCConfigurationList section */
		DBD9BC651E67A2B6000902B9 /* Build configuration list for PBXProject "RITLJSCoreDemo" */ = {
			isa = XCConfigurationList;
			buildConfigurations = (
				DBD9BC7A1E67A2B6000902B9 /* Debug */,
				DBD9BC7B1E67A2B6000902B9 /* Release */,
			);
			defaultConfigurationIsVisible = 0;
			defaultConfigurationName = Release;
		};
		DBD9BC7C1E67A2B6000902B9 /* Build configuration list for PBXNativeTarget "RITLJSCoreDemo" */ = {
			isa = XCConfigurationList;
			buildConfigurations = (
				DBD9BC7D1E67A2B6000902B9 /* Debug */,
				DBD9BC7E1E67A2B6000902B9 /* Release */,
			);
			defaultConfigurationIsVisible = 0;
			defaultConfigurationName = Release;
		};
/* End XCConfigurationList section */
	};
	rootObject = DBD9BC621E67A2B6000902B9 /* Project object */;
}
